
Microsoft Visual Studio Solution File, Format Version 12.00
# Visual Studio 15
VisualStudioVersion = 15.0.28307.421
MinimumVisualStudioVersion = 10.0.40219.1
Project("{9A19103F-16F7-4668-BE54-9A1E7A4F7556}") = "com.apthai.SmartTimeStampAPI", "com.apthai.SmartTimeStampAPI\com.apthai.SmartTimeStampAPI.csproj", "{D9C94C5C-8486-4346-89BD-D0BF012FA270}"
EndProject
Global
	GlobalSection(SolutionConfigurationPlatforms) = preSolution
		Debug|Any CPU = Debug|Any CPU
		Release|Any CPU = Release|Any CPU
	EndGlobalSection
	GlobalSection(ProjectConfigurationPlatforms) = postSolution
		{D9C94C5C-8486-4346-89BD-D0BF012FA270}.Debug|Any CPU.ActiveCfg = Debug|Any CPU
		{D9C94C5C-8486-4346-89BD-D0BF012FA270}.Debug|Any CPU.Build.0 = Debug|Any CPU
		{D9C94C5C-8486-4346-89BD-D0BF012FA270}.Release|Any CPU.ActiveCfg = Release|Any CPU
		{D9C94C5C-8486-4346-89BD-D0BF012FA270}.Release|Any CPU.Build.0 = Release|Any CPU
	EndGlobalSection
	GlobalSection(SolutionProperties) = preSolution
		HideSolutionNode = FALSE
	EndGlobalSection
	GlobalSection(ExtensibilityGlobals) = postSolution
		SolutionGuid = {A8FD9654-F901-4086-B90C-908DFF02F674}
	EndGlobalSection
EndGlobal
